
Microsoft Visual Studio Solution File, Format Version 12.00
# Visual Studio Version 17
VisualStudioVersion = 17.3.32929.385
MinimumVisualStudioVersion = 10.0.40219.1
Project("{9A19103F-16F7-4668-BE54-9A1E7A4F7556}") = "Worker.Logging", "Worker.Logging\Worker.Logging.csproj", "{338299CF-6D75-45FF-AE33-D53B811F2D5A}"
EndProject
Project("{9A19103F-16F7-4668-BE54-9A1E7A4F7556}") = "Repository.Logging", "Repository.Logging\Repository.Logging.csproj", "{5CE4B078-D7DC-4B07-8A6A-841B829711D5}"
EndProject
Project("{2150E333-8FDC-42A3-9474-1A3956D46DE8}") = "common", "common", "{75486484-C0D2-4E7E-8C92-F7F47708E68A}"
EndProject
Project("{9A19103F-16F7-4668-BE54-9A1E7A4F7556}") = "Messaging", "common\Messaging\Messaging.csproj", "{45159C3F-A534-4DCC-931F-CFE4C7DCF786}"
EndProject
Project("{9A19103F-16F7-4668-BE54-9A1E7A4F7556}") = "Persistence.Mongo", "common\Persistence.Mongo\Persistence.Mongo.csproj", "{4EEA24AA-E4EC-4221-9501-2342D77B72E2}"
EndProject
Project("{2150E333-8FDC-42A3-9474-1A3956D46DE8}") = "ess", "ess", "{65797C5C-16E4-423C-867A-CE13CD49CFCB}"
EndProject
Project("{9A19103F-16F7-4668-BE54-9A1E7A4F7556}") = "Worker.Ess", "ess\Worker.Ess\Worker.Ess.csproj", "{626329ED-D32E-4218-838F-55290A612E29}"
EndProject
Project("{9A19103F-16F7-4668-BE54-9A1E7A4F7556}") = "Models.Ess.Mapster", "ess\Models.Ess.Mapster\Models.Ess.Mapster.csproj", "{A1868F15-F524-4A14-8F44-BFBD56AFCAF1}"
EndProject
Project("{9A19103F-16F7-4668-BE54-9A1E7A4F7556}") = "Models.Ess.Generated", "ess\Models.Ess.Generated\Models.Ess.Generated.csproj", "{4411C2BA-FDB3-4A85-8F00-7E704C086884}"
EndProject
Project("{9A19103F-16F7-4668-BE54-9A1E7A4F7556}") = "Models.Ess", "ess\Models.Ess\Models.Ess.csproj", "{E59CA111-7DF1-4B09-AC8A-236497E8F9A7}"
EndProject
Project("{9A19103F-16F7-4668-BE54-9A1E7A4F7556}") = "Repository.Ess", "ess\Repository.Ess\Repository.Ess.csproj", "{E36400F8-66B2-40BF-AC53-4A6B50A3228E}"
EndProject
Project("{2150E333-8FDC-42A3-9474-1A3956D46DE8}") = "device-manager", "device-manager", "{2187E2EC-3EA9-405B-8551-779EA8D51966}"
EndProject
Project("{9A19103F-16F7-4668-BE54-9A1E7A4F7556}") = "Models.DeviceManager.Mapster", "device-manager\Models.DeviceManager.Mapster\Models.DeviceManager.Mapster.csproj", "{66CF4309-C7BE-405F-A4A1-19D27C2C2C4D}"
EndProject
Project("{9A19103F-16F7-4668-BE54-9A1E7A4F7556}") = "Models.DeviceManager.Generated", "device-manager\Models.DeviceManager.Generated\Models.DeviceManager.Generated.csproj", "{8A64529C-080C-45A1-82F0-863754820473}"
EndProject
Project("{9A19103F-16F7-4668-BE54-9A1E7A4F7556}") = "Models.DeviceManager", "device-manager\Models.DeviceManager\Models.DeviceManager.csproj", "{B18A284B-0931-4DFB-AF0B-E3FB9D5683BB}"
EndProject
Project("{9A19103F-16F7-4668-BE54-9A1E7A4F7556}") = "Persistence.Common", "common\Persistence.Common\Persistence.Common.csproj", "{2B5B30E2-73B9-440A-ABBD-96585214EFA1}"
EndProject
Project("{2150E333-8FDC-42A3-9474-1A3956D46DE8}") = "entities", "entities", "{5DD59326-57D9-4ED8-8AC0-CF54FB1E5950}"
EndProject
Project("{9A19103F-16F7-4668-BE54-9A1E7A4F7556}") = "Models.Entities", "entities\Models.Entities\Models.Entities.csproj", "{456E0B0F-6823-4E27-91A3-8D6A33C9D930}"
EndProject
Project("{9A19103F-16F7-4668-BE54-9A1E7A4F7556}") = "Extensions", "common\Extensions\Extensions.csproj", "{4C6CFCCF-7E09-4C1F-920D-C818FA4558AA}"
EndProject
Project("{9A19103F-16F7-4668-BE54-9A1E7A4F7556}") = "Services.Ess", "ess\Service.ESS\Services.Ess.csproj", "{FF936B8B-A7B4-4960-9B70-0547449AD343}"
EndProject
Project("{9A19103F-16F7-4668-BE54-9A1E7A4F7556}") = "Helpers", "common\Helpers\Helpers.csproj", "{735B8625-0916-4CBF-9411-666933E88C3E}"
EndProject
Project("{9A19103F-16F7-4668-BE54-9A1E7A4F7556}") = "Repository.Entities", "entities\Repository.Entities\Repository.Entities.csproj", "{B75D28D1-304C-49A3-84C9-BE4AC020D429}"
EndProject
Project("{9A19103F-16F7-4668-BE54-9A1E7A4F7556}") = "Domain.Entities", "entities\Domain.Entities\Domain.Entities.csproj", "{DA7DC5F3-D1D8-4AAE-9304-A34F21131635}"
EndProject
Project("{9A19103F-16F7-4668-BE54-9A1E7A4F7556}") = "Domain.DeviceManager", "device-manager\Domain.DeviceManager\Domain.DeviceManager.csproj", "{1A0AA8D5-8E84-4345-8145-A8B97E489185}"
EndProject
Project("{9A19103F-16F7-4668-BE54-9A1E7A4F7556}") = "Repository.DeviceManager", "device-manager\Repository.DeviceManager\Repository.DeviceManager.csproj", "{1C8DD787-194A-4C67-A0FF-E9B6DC654FBB}"
EndProject
Project("{2150E333-8FDC-42A3-9474-1A3956D46DE8}") = "pavement-condition", "pavement-condition", "{9E05D236-DAD2-4C43-B686-C51D0F5822A6}"
EndProject
Project("{9A19103F-16F7-4668-BE54-9A1E7A4F7556}") = "Worker.PavementCondition", "pavement-condition\Worker.Logging\Worker.PavementCondition.csproj", "{3E43D963-C929-4907-94C4-26041EC03BC0}"
EndProject
Project("{9A19103F-16F7-4668-BE54-9A1E7A4F7556}") = "Models.PavementCondition.Mapster", "pavement-condition\Models.PavementCondition.Mapster\Models.PavementCondition.Mapster.csproj", "{7C953012-587F-4185-BA19-7A6E349257A5}"
EndProject
Project("{9A19103F-16F7-4668-BE54-9A1E7A4F7556}") = "Models.PavementCondition.Generated", "pavement-condition\Models.PavementCondition.Generated\Models.PavementCondition.Generated.csproj", "{3E64E323-208B-4175-9D53-483D0C082A34}"
EndProject
Project("{9A19103F-16F7-4668-BE54-9A1E7A4F7556}") = "Models.PavementCondition", "pavement-condition\Models.PavementCondition\Models.PavementCondition.csproj", "{7DCF3F32-2DC7-4B6B-8470-2C7C1A4E3F85}"
EndProject
Project("{9A19103F-16F7-4668-BE54-9A1E7A4F7556}") = "Repository.PavementCondition", "pavement-condition\Repository.PavementCondition\Repository.PavementCondition.csproj", "{26E62A08-487C-4344-A5BD-CB3D85EFCD25}"
EndProject
Project("{2150E333-8FDC-42A3-9474-1A3956D46DE8}") = "vehicle-priority", "vehicle-priority", "{6717E057-E92D-4B1B-9963-EE1CE73B959E}"
EndProject
Project("{9A19103F-16F7-4668-BE54-9A1E7A4F7556}") = "Domain.VehiclePriority", "vehicle-priority\Domain.VehiclePriority\Domain.VehiclePriority.csproj", "{693936CA-3811-4615-B81D-C2A0C1C56F52}"
EndProject
Project("{9A19103F-16F7-4668-BE54-9A1E7A4F7556}") = "Scheduler.Base", "common\Scheduler.Base\Scheduler.Base.csproj", "{40E6105F-6061-4DA4-B1ED-562D3E221110}"
EndProject
Project("{9A19103F-16F7-4668-BE54-9A1E7A4F7556}") = "Model.SystemModeller", "vehicle-priority\Model.SystemModeller\Model.SystemModeller.csproj", "{8C8CE208-9B88-4F4C-B414-BA1139CA15D2}"
EndProject
Project("{9A19103F-16F7-4668-BE54-9A1E7A4F7556}") = "Scheduler", "common\Scheduler\Scheduler.csproj", "{8E7B832B-8891-4FDC-8D22-E3AE37DC75B5}"
EndProject
Project("{9A19103F-16F7-4668-BE54-9A1E7A4F7556}") = "Model.VehiclePriority", "vehicle-priority\Model.VehiclePriority\Model.VehiclePriority.csproj", "{B7C97751-E802-4C67-9F7F-348A80AE9374}"
EndProject
Project("{9A19103F-16F7-4668-BE54-9A1E7A4F7556}") = "Repository.SystemModeller", "vehicle-priority\Repository.SystemModeller\Repository.SystemModeller.csproj", "{87FC107F-82AF-42D7-A5A2-0FD431E508A5}"
EndProject
Project("{9A19103F-16F7-4668-BE54-9A1E7A4F7556}") = "Repository.VehiclePriority", "vehicle-priority\Repository.VehiclePriority\Repository.VehiclePriority.csproj", "{B0890937-8F77-4470-AD6F-763A0287DC5C}"
EndProject
Project("{9A19103F-16F7-4668-BE54-9A1E7A4F7556}") = "Domain.SystemModeller", "vehicle-priority\Domain.SystemModeller\Domain.SystemModeller.csproj", "{E5B4C9EE-D144-4062-B7D4-C1CDD0CBCA2B}"
EndProject
Project("{2150E333-8FDC-42A3-9474-1A3956D46DE8}") = "status", "status", "{09F0E595-0067-44BA-9EF9-FFA180536AA6}"
EndProject
Project("{9A19103F-16F7-4668-BE54-9A1E7A4F7556}") = "Status.Ess", "status\Status.Ess\Status.Ess.csproj", "{33CB6C5D-5BC8-45CF-9CA7-030270D78D67}"
EndProject
Project("{9A19103F-16F7-4668-BE54-9A1E7A4F7556}") = "Status.Ess.Messaging", "status\Status.Ess.Messaging\Status.Ess.Messaging.csproj", "{EDA9D7EB-2B23-4D1A-A495-39ED9A2A28CB}"
EndProject
Project("{9A19103F-16F7-4668-BE54-9A1E7A4F7556}") = "Status.Common.Messaging", "status\Status.Common.Messaging\Status.Common.Messaging.csproj", "{35EE85F0-B65C-4EDD-857F-272CDDDD620C}"
EndProject
Project("{9A19103F-16F7-4668-BE54-9A1E7A4F7556}") = "Status.Common", "status\Status.Common\Status.Common.csproj", "{65CA67D3-1C92-49FE-B532-3F1C83581734}"
EndProject
Project("{2150E333-8FDC-42A3-9474-1A3956D46DE8}") = "wrong-way-driver", "wrong-way-driver", "{4F6BAEBA-673A-4370-83D7-EAEA240FDADC}"
EndProject
Project("{9A19103F-16F7-4668-BE54-9A1E7A4F7556}") = "Models.WrongWayDriver.Mapster", "wrong-way-driver\Models.WrongWayDriver.Mapster\Models.WrongWayDriver.Mapster.csproj", "{A3A64B94-7DAC-4EFF-BFB7-695B1869E93F}"
EndProject
Project("{9A19103F-16F7-4668-BE54-9A1E7A4F7556}") = "Models.WrongWayDriver.Generated", "wrong-way-driver\Models.WrongWayDriver.Generated\Models.WrongWayDriver.Generated.csproj", "{BB6A5FC7-0B3C-42F1-96C1-A79EDB7DAAC6}"
EndProject
Project("{9A19103F-16F7-4668-BE54-9A1E7A4F7556}") = "Models.WrongWayDriver", "wrong-way-driver\Models.WrongWayDriver\Models.WrongWayDriver.csproj", "{3B13F6F3-716B-40DD-A0E3-9CAAB4114335}"
EndProject
Project("{9A19103F-16F7-4668-BE54-9A1E7A4F7556}") = "Repository.WrongWayDriver", "wrong-way-driver\Repository.WrongWayDriver\Repository.WrongWayDriver.csproj", "{723E4969-FCB0-452A-81FA-1A8E9201EB08}"
EndProject
Project("{9A19103F-16F7-4668-BE54-9A1E7A4F7556}") = "Services.WrongWayDriver", "wrong-way-driver\Services.WrongWayDriver\Services.WrongWayDriver.csproj", "{D592DDF2-D874-4B9F-B50D-703A6A72FC6B}"
EndProject
Project("{9A19103F-16F7-4668-BE54-9A1E7A4F7556}") = "Worker.WrongWayDriver", "wrong-way-driver\Worker.WrongWayDriver\Worker.WrongWayDriver.csproj", "{F0BF67E9-755C-452B-BBC2-BFC1F40E02DC}"
EndProject
Project("{2150E333-8FDC-42A3-9474-1A3956D46DE8}") = "config", "config", "{9863C6EC-2C1E-47A2-8CE0-8AD178B06A38}"
EndProject
Project("{9A19103F-16F7-4668-BE54-9A1E7A4F7556}") = "Config", "config\Config\Config.csproj", "{1226A903-D400-428F-9822-32029485E509}"
EndProject
Project("{9A19103F-16F7-4668-BE54-9A1E7A4F7556}") = "PavementConditionStatus", "pavement-condition\PavementConditionStatus\PavementConditionStatus.csproj", "{1BD366E2-A30C-428F-A80F-74D40F8D1CA9}"
EndProject
Project("{9A19103F-16F7-4668-BE54-9A1E7A4F7556}") = "Monitoring", "common\Monitoring\Monitoring.csproj", "{F75FEC7C-4055-47DD-A973-B17BFF172623}"
EndProject
Project("{9A19103F-16F7-4668-BE54-9A1E7A4F7556}") = "Config.Messaging", "config\Config.Messaging\Config.Messaging.csproj", "{74007D1A-C365-4E7B-99CE-9DDB506A3BDF}"
EndProject
Project("{9A19103F-16F7-4668-BE54-9A1E7A4F7556}") = "Authorization", "common\Authorization\Authorization.csproj", "{57A2D36D-EC33-4ED7-9E0F-A9167987ED80}"
EndProject
Project("{9A19103F-16F7-4668-BE54-9A1E7A4F7556}") = "Extensions.AspNet", "common\Extensions.AspNet\Extensions.AspNet.csproj", "{AE79CD5E-B930-4D09-9D7A-037320F567AF}"
EndProject
Project("{9A19103F-16F7-4668-BE54-9A1E7A4F7556}") = "Monitoring.HealthChecks.Kafka", "common\Monitoring.HealthChecks.Kafka\Monitoring.HealthChecks.Kafka.csproj", "{AEF86C71-04F7-4D79-A329-11B193DCAEFB}"
EndProject
Project("{9A19103F-16F7-4668-BE54-9A1E7A4F7556}") = "Monitoring.HealthChecks.Mongo", "common\Monitoring.HealthChecks.Mongo\Monitoring.HealthChecks.Mongo.csproj", "{A99E3C0B-2569-4A7C-9486-348FF976571A}"
EndProject
Project("{9A19103F-16F7-4668-BE54-9A1E7A4F7556}") = "Status.WrongWayDriver", "status\Status.WrongWayDriver\Status.WrongWayDriver.csproj", "{63FA2EE1-9305-4EC9-885C-954D6FA10E48}"
EndProject
Project("{9A19103F-16F7-4668-BE54-9A1E7A4F7556}") = "Status.WrongWayDriver.Messaging", "status\Status.WrongWayDriver.Messaging\Status.WrongWayDriver.Messaging.csproj", "{258B370F-F641-4EBF-A8DE-820C78F9BC4D}"
EndProject
Global
	GlobalSection(SolutionConfigurationPlatforms) = preSolution
		Debug|Any CPU = Debug|Any CPU
		Release|Any CPU = Release|Any CPU
	EndGlobalSection
	GlobalSection(ProjectConfigurationPlatforms) = postSolution
		{338299CF-6D75-45FF-AE33-D53B811F2D5A}.Debug|Any CPU.ActiveCfg = Debug|Any CPU
		{338299CF-6D75-45FF-AE33-D53B811F2D5A}.Debug|Any CPU.Build.0 = Debug|Any CPU
		{338299CF-6D75-45FF-AE33-D53B811F2D5A}.Release|Any CPU.ActiveCfg = Release|Any CPU
		{338299CF-6D75-45FF-AE33-D53B811F2D5A}.Release|Any CPU.Build.0 = Release|Any CPU
		{5CE4B078-D7DC-4B07-8A6A-841B829711D5}.Debug|Any CPU.ActiveCfg = Debug|Any CPU
		{5CE4B078-D7DC-4B07-8A6A-841B829711D5}.Debug|Any CPU.Build.0 = Debug|Any CPU
		{5CE4B078-D7DC-4B07-8A6A-841B829711D5}.Release|Any CPU.ActiveCfg = Release|Any CPU
		{5CE4B078-D7DC-4B07-8A6A-841B829711D5}.Release|Any CPU.Build.0 = Release|Any CPU
		{45159C3F-A534-4DCC-931F-CFE4C7DCF786}.Debug|Any CPU.ActiveCfg = Debug|Any CPU
		{45159C3F-A534-4DCC-931F-CFE4C7DCF786}.Debug|Any CPU.Build.0 = Debug|Any CPU
		{45159C3F-A534-4DCC-931F-CFE4C7DCF786}.Release|Any CPU.ActiveCfg = Release|Any CPU
		{45159C3F-A534-4DCC-931F-CFE4C7DCF786}.Release|Any CPU.Build.0 = Release|Any CPU
		{4EEA24AA-E4EC-4221-9501-2342D77B72E2}.Debug|Any CPU.ActiveCfg = Debug|Any CPU
		{4EEA24AA-E4EC-4221-9501-2342D77B72E2}.Debug|Any CPU.Build.0 = Debug|Any CPU
		{4EEA24AA-E4EC-4221-9501-2342D77B72E2}.Release|Any CPU.ActiveCfg = Release|Any CPU
		{4EEA24AA-E4EC-4221-9501-2342D77B72E2}.Release|Any CPU.Build.0 = Release|Any CPU
		{626329ED-D32E-4218-838F-55290A612E29}.Debug|Any CPU.ActiveCfg = Debug|Any CPU
		{626329ED-D32E-4218-838F-55290A612E29}.Debug|Any CPU.Build.0 = Debug|Any CPU
		{626329ED-D32E-4218-838F-55290A612E29}.Release|Any CPU.ActiveCfg = Release|Any CPU
		{626329ED-D32E-4218-838F-55290A612E29}.Release|Any CPU.Build.0 = Release|Any CPU
		{A1868F15-F524-4A14-8F44-BFBD56AFCAF1}.Debug|Any CPU.ActiveCfg = Debug|Any CPU
		{A1868F15-F524-4A14-8F44-BFBD56AFCAF1}.Debug|Any CPU.Build.0 = Debug|Any CPU
		{A1868F15-F524-4A14-8F44-BFBD56AFCAF1}.Release|Any CPU.ActiveCfg = Release|Any CPU
		{A1868F15-F524-4A14-8F44-BFBD56AFCAF1}.Release|Any CPU.Build.0 = Release|Any CPU
		{4411C2BA-FDB3-4A85-8F00-7E704C086884}.Debug|Any CPU.ActiveCfg = Debug|Any CPU
		{4411C2BA-FDB3-4A85-8F00-7E704C086884}.Debug|Any CPU.Build.0 = Debug|Any CPU
		{4411C2BA-FDB3-4A85-8F00-7E704C086884}.Release|Any CPU.ActiveCfg = Release|Any CPU
		{4411C2BA-FDB3-4A85-8F00-7E704C086884}.Release|Any CPU.Build.0 = Release|Any CPU
		{E59CA111-7DF1-4B09-AC8A-236497E8F9A7}.Debug|Any CPU.ActiveCfg = Debug|Any CPU
		{E59CA111-7DF1-4B09-AC8A-236497E8F9A7}.Debug|Any CPU.Build.0 = Debug|Any CPU
		{E59CA111-7DF1-4B09-AC8A-236497E8F9A7}.Release|Any CPU.ActiveCfg = Release|Any CPU
		{E59CA111-7DF1-4B09-AC8A-236497E8F9A7}.Release|Any CPU.Build.0 = Release|Any CPU
		{E36400F8-66B2-40BF-AC53-4A6B50A3228E}.Debug|Any CPU.ActiveCfg = Debug|Any CPU
		{E36400F8-66B2-40BF-AC53-4A6B50A3228E}.Debug|Any CPU.Build.0 = Debug|Any CPU
		{E36400F8-66B2-40BF-AC53-4A6B50A3228E}.Release|Any CPU.ActiveCfg = Release|Any CPU
		{E36400F8-66B2-40BF-AC53-4A6B50A3228E}.Release|Any CPU.Build.0 = Release|Any CPU
		{66CF4309-C7BE-405F-A4A1-19D27C2C2C4D}.Debug|Any CPU.ActiveCfg = Debug|Any CPU
		{66CF4309-C7BE-405F-A4A1-19D27C2C2C4D}.Debug|Any CPU.Build.0 = Debug|Any CPU
		{66CF4309-C7BE-405F-A4A1-19D27C2C2C4D}.Release|Any CPU.ActiveCfg = Release|Any CPU
		{66CF4309-C7BE-405F-A4A1-19D27C2C2C4D}.Release|Any CPU.Build.0 = Release|Any CPU
		{8A64529C-080C-45A1-82F0-863754820473}.Debug|Any CPU.ActiveCfg = Debug|Any CPU
		{8A64529C-080C-45A1-82F0-863754820473}.Debug|Any CPU.Build.0 = Debug|Any CPU
		{8A64529C-080C-45A1-82F0-863754820473}.Release|Any CPU.ActiveCfg = Release|Any CPU
		{8A64529C-080C-45A1-82F0-863754820473}.Release|Any CPU.Build.0 = Release|Any CPU
		{B18A284B-0931-4DFB-AF0B-E3FB9D5683BB}.Debug|Any CPU.ActiveCfg = Debug|Any CPU
		{B18A284B-0931-4DFB-AF0B-E3FB9D5683BB}.Debug|Any CPU.Build.0 = Debug|Any CPU
		{B18A284B-0931-4DFB-AF0B-E3FB9D5683BB}.Release|Any CPU.ActiveCfg = Release|Any CPU
		{B18A284B-0931-4DFB-AF0B-E3FB9D5683BB}.Release|Any CPU.Build.0 = Release|Any CPU
		{2B5B30E2-73B9-440A-ABBD-96585214EFA1}.Debug|Any CPU.ActiveCfg = Debug|Any CPU
		{2B5B30E2-73B9-440A-ABBD-96585214EFA1}.Debug|Any CPU.Build.0 = Debug|Any CPU
		{2B5B30E2-73B9-440A-ABBD-96585214EFA1}.Release|Any CPU.ActiveCfg = Release|Any CPU
		{2B5B30E2-73B9-440A-ABBD-96585214EFA1}.Release|Any CPU.Build.0 = Release|Any CPU
		{456E0B0F-6823-4E27-91A3-8D6A33C9D930}.Debug|Any CPU.ActiveCfg = Debug|Any CPU
		{456E0B0F-6823-4E27-91A3-8D6A33C9D930}.Debug|Any CPU.Build.0 = Debug|Any CPU
		{456E0B0F-6823-4E27-91A3-8D6A33C9D930}.Release|Any CPU.ActiveCfg = Release|Any CPU
		{456E0B0F-6823-4E27-91A3-8D6A33C9D930}.Release|Any CPU.Build.0 = Release|Any CPU
		{4C6CFCCF-7E09-4C1F-920D-C818FA4558AA}.Debug|Any CPU.ActiveCfg = Debug|Any CPU
		{4C6CFCCF-7E09-4C1F-920D-C818FA4558AA}.Debug|Any CPU.Build.0 = Debug|Any CPU
		{4C6CFCCF-7E09-4C1F-920D-C818FA4558AA}.Release|Any CPU.ActiveCfg = Release|Any CPU
		{4C6CFCCF-7E09-4C1F-920D-C818FA4558AA}.Release|Any CPU.Build.0 = Release|Any CPU
		{FF936B8B-A7B4-4960-9B70-0547449AD343}.Debug|Any CPU.ActiveCfg = Debug|Any CPU
		{FF936B8B-A7B4-4960-9B70-0547449AD343}.Debug|Any CPU.Build.0 = Debug|Any CPU
		{FF936B8B-A7B4-4960-9B70-0547449AD343}.Release|Any CPU.ActiveCfg = Release|Any CPU
		{FF936B8B-A7B4-4960-9B70-0547449AD343}.Release|Any CPU.Build.0 = Release|Any CPU
		{735B8625-0916-4CBF-9411-666933E88C3E}.Debug|Any CPU.ActiveCfg = Debug|Any CPU
		{735B8625-0916-4CBF-9411-666933E88C3E}.Debug|Any CPU.Build.0 = Debug|Any CPU
		{735B8625-0916-4CBF-9411-666933E88C3E}.Release|Any CPU.ActiveCfg = Release|Any CPU
		{735B8625-0916-4CBF-9411-666933E88C3E}.Release|Any CPU.Build.0 = Release|Any CPU
		{B75D28D1-304C-49A3-84C9-BE4AC020D429}.Debug|Any CPU.ActiveCfg = Debug|Any CPU
		{B75D28D1-304C-49A3-84C9-BE4AC020D429}.Debug|Any CPU.Build.0 = Debug|Any CPU
		{B75D28D1-304C-49A3-84C9-BE4AC020D429}.Release|Any CPU.ActiveCfg = Release|Any CPU
		{B75D28D1-304C-49A3-84C9-BE4AC020D429}.Release|Any CPU.Build.0 = Release|Any CPU
		{DA7DC5F3-D1D8-4AAE-9304-A34F21131635}.Debug|Any CPU.ActiveCfg = Debug|Any CPU
		{DA7DC5F3-D1D8-4AAE-9304-A34F21131635}.Debug|Any CPU.Build.0 = Debug|Any CPU
		{DA7DC5F3-D1D8-4AAE-9304-A34F21131635}.Release|Any CPU.ActiveCfg = Release|Any CPU
		{DA7DC5F3-D1D8-4AAE-9304-A34F21131635}.Release|Any CPU.Build.0 = Release|Any CPU
		{1A0AA8D5-8E84-4345-8145-A8B97E489185}.Debug|Any CPU.ActiveCfg = Debug|Any CPU
		{1A0AA8D5-8E84-4345-8145-A8B97E489185}.Debug|Any CPU.Build.0 = Debug|Any CPU
		{1A0AA8D5-8E84-4345-8145-A8B97E489185}.Release|Any CPU.ActiveCfg = Release|Any CPU
		{1A0AA8D5-8E84-4345-8145-A8B97E489185}.Release|Any CPU.Build.0 = Release|Any CPU
		{1C8DD787-194A-4C67-A0FF-E9B6DC654FBB}.Debug|Any CPU.ActiveCfg = Debug|Any CPU
		{1C8DD787-194A-4C67-A0FF-E9B6DC654FBB}.Debug|Any CPU.Build.0 = Debug|Any CPU
		{1C8DD787-194A-4C67-A0FF-E9B6DC654FBB}.Release|Any CPU.ActiveCfg = Release|Any CPU
		{1C8DD787-194A-4C67-A0FF-E9B6DC654FBB}.Release|Any CPU.Build.0 = Release|Any CPU
		{3E43D963-C929-4907-94C4-26041EC03BC0}.Debug|Any CPU.ActiveCfg = Debug|Any CPU
		{3E43D963-C929-4907-94C4-26041EC03BC0}.Debug|Any CPU.Build.0 = Debug|Any CPU
		{3E43D963-C929-4907-94C4-26041EC03BC0}.Release|Any CPU.ActiveCfg = Release|Any CPU
		{3E43D963-C929-4907-94C4-26041EC03BC0}.Release|Any CPU.Build.0 = Release|Any CPU
		{7C953012-587F-4185-BA19-7A6E349257A5}.Debug|Any CPU.ActiveCfg = Debug|Any CPU
		{7C953012-587F-4185-BA19-7A6E349257A5}.Debug|Any CPU.Build.0 = Debug|Any CPU
		{7C953012-587F-4185-BA19-7A6E349257A5}.Release|Any CPU.ActiveCfg = Release|Any CPU
		{7C953012-587F-4185-BA19-7A6E349257A5}.Release|Any CPU.Build.0 = Release|Any CPU
		{3E64E323-208B-4175-9D53-483D0C082A34}.Debug|Any CPU.ActiveCfg = Debug|Any CPU
		{3E64E323-208B-4175-9D53-483D0C082A34}.Debug|Any CPU.Build.0 = Debug|Any CPU
		{3E64E323-208B-4175-9D53-483D0C082A34}.Release|Any CPU.ActiveCfg = Release|Any CPU
		{3E64E323-208B-4175-9D53-483D0C082A34}.Release|Any CPU.Build.0 = Release|Any CPU
		{7DCF3F32-2DC7-4B6B-8470-2C7C1A4E3F85}.Debug|Any CPU.ActiveCfg = Debug|Any CPU
		{7DCF3F32-2DC7-4B6B-8470-2C7C1A4E3F85}.Debug|Any CPU.Build.0 = Debug|Any CPU
		{7DCF3F32-2DC7-4B6B-8470-2C7C1A4E3F85}.Release|Any CPU.ActiveCfg = Release|Any CPU
		{7DCF3F32-2DC7-4B6B-8470-2C7C1A4E3F85}.Release|Any CPU.Build.0 = Release|Any CPU
		{26E62A08-487C-4344-A5BD-CB3D85EFCD25}.Debug|Any CPU.ActiveCfg = Debug|Any CPU
		{26E62A08-487C-4344-A5BD-CB3D85EFCD25}.Debug|Any CPU.Build.0 = Debug|Any CPU
		{26E62A08-487C-4344-A5BD-CB3D85EFCD25}.Release|Any CPU.ActiveCfg = Release|Any CPU
		{26E62A08-487C-4344-A5BD-CB3D85EFCD25}.Release|Any CPU.Build.0 = Release|Any CPU
		{693936CA-3811-4615-B81D-C2A0C1C56F52}.Debug|Any CPU.ActiveCfg = Debug|Any CPU
		{693936CA-3811-4615-B81D-C2A0C1C56F52}.Debug|Any CPU.Build.0 = Debug|Any CPU
		{693936CA-3811-4615-B81D-C2A0C1C56F52}.Release|Any CPU.ActiveCfg = Release|Any CPU
		{693936CA-3811-4615-B81D-C2A0C1C56F52}.Release|Any CPU.Build.0 = Release|Any CPU
		{40E6105F-6061-4DA4-B1ED-562D3E221110}.Debug|Any CPU.ActiveCfg = Debug|Any CPU
		{40E6105F-6061-4DA4-B1ED-562D3E221110}.Debug|Any CPU.Build.0 = Debug|Any CPU
		{40E6105F-6061-4DA4-B1ED-562D3E221110}.Release|Any CPU.ActiveCfg = Release|Any CPU
		{40E6105F-6061-4DA4-B1ED-562D3E221110}.Release|Any CPU.Build.0 = Release|Any CPU
		{8C8CE208-9B88-4F4C-B414-BA1139CA15D2}.Debug|Any CPU.ActiveCfg = Debug|Any CPU
		{8C8CE208-9B88-4F4C-B414-BA1139CA15D2}.Debug|Any CPU.Build.0 = Debug|Any CPU
		{8C8CE208-9B88-4F4C-B414-BA1139CA15D2}.Release|Any CPU.ActiveCfg = Release|Any CPU
		{8C8CE208-9B88-4F4C-B414-BA1139CA15D2}.Release|Any CPU.Build.0 = Release|Any CPU
		{8E7B832B-8891-4FDC-8D22-E3AE37DC75B5}.Debug|Any CPU.ActiveCfg = Debug|Any CPU
		{8E7B832B-8891-4FDC-8D22-E3AE37DC75B5}.Debug|Any CPU.Build.0 = Debug|Any CPU
		{8E7B832B-8891-4FDC-8D22-E3AE37DC75B5}.Release|Any CPU.ActiveCfg = Release|Any CPU
		{8E7B832B-8891-4FDC-8D22-E3AE37DC75B5}.Release|Any CPU.Build.0 = Release|Any CPU
		{B7C97751-E802-4C67-9F7F-348A80AE9374}.Debug|Any CPU.ActiveCfg = Debug|Any CPU
		{B7C97751-E802-4C67-9F7F-348A80AE9374}.Debug|Any CPU.Build.0 = Debug|Any CPU
		{B7C97751-E802-4C67-9F7F-348A80AE9374}.Release|Any CPU.ActiveCfg = Release|Any CPU
		{B7C97751-E802-4C67-9F7F-348A80AE9374}.Release|Any CPU.Build.0 = Release|Any CPU
		{87FC107F-82AF-42D7-A5A2-0FD431E508A5}.Debug|Any CPU.ActiveCfg = Debug|Any CPU
		{87FC107F-82AF-42D7-A5A2-0FD431E508A5}.Debug|Any CPU.Build.0 = Debug|Any CPU
		{87FC107F-82AF-42D7-A5A2-0FD431E508A5}.Release|Any CPU.ActiveCfg = Release|Any CPU
		{87FC107F-82AF-42D7-A5A2-0FD431E508A5}.Release|Any CPU.Build.0 = Release|Any CPU
		{B0890937-8F77-4470-AD6F-763A0287DC5C}.Debug|Any CPU.ActiveCfg = Debug|Any CPU
		{B0890937-8F77-4470-AD6F-763A0287DC5C}.Debug|Any CPU.Build.0 = Debug|Any CPU
		{B0890937-8F77-4470-AD6F-763A0287DC5C}.Release|Any CPU.ActiveCfg = Release|Any CPU
		{B0890937-8F77-4470-AD6F-763A0287DC5C}.Release|Any CPU.Build.0 = Release|Any CPU
		{E5B4C9EE-D144-4062-B7D4-C1CDD0CBCA2B}.Debug|Any CPU.ActiveCfg = Debug|Any CPU
		{E5B4C9EE-D144-4062-B7D4-C1CDD0CBCA2B}.Debug|Any CPU.Build.0 = Debug|Any CPU
		{E5B4C9EE-D144-4062-B7D4-C1CDD0CBCA2B}.Release|Any CPU.ActiveCfg = Release|Any CPU
		{E5B4C9EE-D144-4062-B7D4-C1CDD0CBCA2B}.Release|Any CPU.Build.0 = Release|Any CPU
		{33CB6C5D-5BC8-45CF-9CA7-030270D78D67}.Debug|Any CPU.ActiveCfg = Debug|Any CPU
		{33CB6C5D-5BC8-45CF-9CA7-030270D78D67}.Debug|Any CPU.Build.0 = Debug|Any CPU
		{33CB6C5D-5BC8-45CF-9CA7-030270D78D67}.Release|Any CPU.ActiveCfg = Release|Any CPU
		{33CB6C5D-5BC8-45CF-9CA7-030270D78D67}.Release|Any CPU.Build.0 = Release|Any CPU
		{EDA9D7EB-2B23-4D1A-A495-39ED9A2A28CB}.Debug|Any CPU.ActiveCfg = Debug|Any CPU
		{EDA9D7EB-2B23-4D1A-A495-39ED9A2A28CB}.Debug|Any CPU.Build.0 = Debug|Any CPU
		{EDA9D7EB-2B23-4D1A-A495-39ED9A2A28CB}.Release|Any CPU.ActiveCfg = Release|Any CPU
		{EDA9D7EB-2B23-4D1A-A495-39ED9A2A28CB}.Release|Any CPU.Build.0 = Release|Any CPU
		{35EE85F0-B65C-4EDD-857F-272CDDDD620C}.Debug|Any CPU.ActiveCfg = Debug|Any CPU
		{35EE85F0-B65C-4EDD-857F-272CDDDD620C}.Debug|Any CPU.Build.0 = Debug|Any CPU
		{35EE85F0-B65C-4EDD-857F-272CDDDD620C}.Release|Any CPU.ActiveCfg = Release|Any CPU
		{35EE85F0-B65C-4EDD-857F-272CDDDD620C}.Release|Any CPU.Build.0 = Release|Any CPU
		{65CA67D3-1C92-49FE-B532-3F1C83581734}.Debug|Any CPU.ActiveCfg = Debug|Any CPU
		{65CA67D3-1C92-49FE-B532-3F1C83581734}.Debug|Any CPU.Build.0 = Debug|Any CPU
		{65CA67D3-1C92-49FE-B532-3F1C83581734}.Release|Any CPU.ActiveCfg = Release|Any CPU
		{65CA67D3-1C92-49FE-B532-3F1C83581734}.Release|Any CPU.Build.0 = Release|Any CPU
		{A3A64B94-7DAC-4EFF-BFB7-695B1869E93F}.Debug|Any CPU.ActiveCfg = Debug|Any CPU
		{A3A64B94-7DAC-4EFF-BFB7-695B1869E93F}.Debug|Any CPU.Build.0 = Debug|Any CPU
		{A3A64B94-7DAC-4EFF-BFB7-695B1869E93F}.Release|Any CPU.ActiveCfg = Release|Any CPU
		{A3A64B94-7DAC-4EFF-BFB7-695B1869E93F}.Release|Any CPU.Build.0 = Release|Any CPU
		{BB6A5FC7-0B3C-42F1-96C1-A79EDB7DAAC6}.Debug|Any CPU.ActiveCfg = Debug|Any CPU
		{BB6A5FC7-0B3C-42F1-96C1-A79EDB7DAAC6}.Debug|Any CPU.Build.0 = Debug|Any CPU
		{BB6A5FC7-0B3C-42F1-96C1-A79EDB7DAAC6}.Release|Any CPU.ActiveCfg = Release|Any CPU
		{BB6A5FC7-0B3C-42F1-96C1-A79EDB7DAAC6}.Release|Any CPU.Build.0 = Release|Any CPU
		{3B13F6F3-716B-40DD-A0E3-9CAAB4114335}.Debug|Any CPU.ActiveCfg = Debug|Any CPU
		{3B13F6F3-716B-40DD-A0E3-9CAAB4114335}.Debug|Any CPU.Build.0 = Debug|Any CPU
		{3B13F6F3-716B-40DD-A0E3-9CAAB4114335}.Release|Any CPU.ActiveCfg = Release|Any CPU
		{3B13F6F3-716B-40DD-A0E3-9CAAB4114335}.Release|Any CPU.Build.0 = Release|Any CPU
		{723E4969-FCB0-452A-81FA-1A8E9201EB08}.Debug|Any CPU.ActiveCfg = Debug|Any CPU
		{723E4969-FCB0-452A-81FA-1A8E9201EB08}.Debug|Any CPU.Build.0 = Debug|Any CPU
		{723E4969-FCB0-452A-81FA-1A8E9201EB08}.Release|Any CPU.ActiveCfg = Release|Any CPU
		{723E4969-FCB0-452A-81FA-1A8E9201EB08}.Release|Any CPU.Build.0 = Release|Any CPU
		{D592DDF2-D874-4B9F-B50D-703A6A72FC6B}.Debug|Any CPU.ActiveCfg = Debug|Any CPU
		{D592DDF2-D874-4B9F-B50D-703A6A72FC6B}.Debug|Any CPU.Build.0 = Debug|Any CPU
		{D592DDF2-D874-4B9F-B50D-703A6A72FC6B}.Release|Any CPU.ActiveCfg = Release|Any CPU
		{D592DDF2-D874-4B9F-B50D-703A6A72FC6B}.Release|Any CPU.Build.0 = Release|Any CPU
		{F0BF67E9-755C-452B-BBC2-BFC1F40E02DC}.Debug|Any CPU.ActiveCfg = Debug|Any CPU
		{F0BF67E9-755C-452B-BBC2-BFC1F40E02DC}.Debug|Any CPU.Build.0 = Debug|Any CPU
		{F0BF67E9-755C-452B-BBC2-BFC1F40E02DC}.Release|Any CPU.ActiveCfg = Release|Any CPU
		{F0BF67E9-755C-452B-BBC2-BFC1F40E02DC}.Release|Any CPU.Build.0 = Release|Any CPU
		{1226A903-D400-428F-9822-32029485E509}.Debug|Any CPU.ActiveCfg = Debug|Any CPU
		{1226A903-D400-428F-9822-32029485E509}.Debug|Any CPU.Build.0 = Debug|Any CPU
		{1226A903-D400-428F-9822-32029485E509}.Release|Any CPU.ActiveCfg = Release|Any CPU
		{1226A903-D400-428F-9822-32029485E509}.Release|Any CPU.Build.0 = Release|Any CPU
		{1BD366E2-A30C-428F-A80F-74D40F8D1CA9}.Debug|Any CPU.ActiveCfg = Debug|Any CPU
		{1BD366E2-A30C-428F-A80F-74D40F8D1CA9}.Debug|Any CPU.Build.0 = Debug|Any CPU
		{1BD366E2-A30C-428F-A80F-74D40F8D1CA9}.Release|Any CPU.ActiveCfg = Release|Any CPU
		{1BD366E2-A30C-428F-A80F-74D40F8D1CA9}.Release|Any CPU.Build.0 = Release|Any CPU
		{F75FEC7C-4055-47DD-A973-B17BFF172623}.Debug|Any CPU.ActiveCfg = Debug|Any CPU
		{F75FEC7C-4055-47DD-A973-B17BFF172623}.Debug|Any CPU.Build.0 = Debug|Any CPU
		{F75FEC7C-4055-47DD-A973-B17BFF172623}.Release|Any CPU.ActiveCfg = Release|Any CPU
		{F75FEC7C-4055-47DD-A973-B17BFF172623}.Release|Any CPU.Build.0 = Release|Any CPU
		{74007D1A-C365-4E7B-99CE-9DDB506A3BDF}.Debug|Any CPU.ActiveCfg = Debug|Any CPU
		{74007D1A-C365-4E7B-99CE-9DDB506A3BDF}.Debug|Any CPU.Build.0 = Debug|Any CPU
		{74007D1A-C365-4E7B-99CE-9DDB506A3BDF}.Release|Any CPU.ActiveCfg = Release|Any CPU
		{74007D1A-C365-4E7B-99CE-9DDB506A3BDF}.Release|Any CPU.Build.0 = Release|Any CPU
		{57A2D36D-EC33-4ED7-9E0F-A9167987ED80}.Debug|Any CPU.ActiveCfg = Debug|Any CPU
		{57A2D36D-EC33-4ED7-9E0F-A9167987ED80}.Debug|Any CPU.Build.0 = Debug|Any CPU
		{57A2D36D-EC33-4ED7-9E0F-A9167987ED80}.Release|Any CPU.ActiveCfg = Release|Any CPU
		{57A2D36D-EC33-4ED7-9E0F-A9167987ED80}.Release|Any CPU.Build.0 = Release|Any CPU
		{AE79CD5E-B930-4D09-9D7A-037320F567AF}.Debug|Any CPU.ActiveCfg = Debug|Any CPU
		{AE79CD5E-B930-4D09-9D7A-037320F567AF}.Debug|Any CPU.Build.0 = Debug|Any CPU
		{AE79CD5E-B930-4D09-9D7A-037320F567AF}.Release|Any CPU.ActiveCfg = Release|Any CPU
		{AE79CD5E-B930-4D09-9D7A-037320F567AF}.Release|Any CPU.Build.0 = Release|Any CPU
		{AEF86C71-04F7-4D79-A329-11B193DCAEFB}.Debug|Any CPU.ActiveCfg = Debug|Any CPU
		{AEF86C71-04F7-4D79-A329-11B193DCAEFB}.Debug|Any CPU.Build.0 = Debug|Any CPU
		{AEF86C71-04F7-4D79-A329-11B193DCAEFB}.Release|Any CPU.ActiveCfg = Release|Any CPU
		{AEF86C71-04F7-4D79-A329-11B193DCAEFB}.Release|Any CPU.Build.0 = Release|Any CPU
		{A99E3C0B-2569-4A7C-9486-348FF976571A}.Debug|Any CPU.ActiveCfg = Debug|Any CPU
		{A99E3C0B-2569-4A7C-9486-348FF976571A}.Debug|Any CPU.Build.0 = Debug|Any CPU
		{A99E3C0B-2569-4A7C-9486-348FF976571A}.Release|Any CPU.ActiveCfg = Release|Any CPU
		{A99E3C0B-2569-4A7C-9486-348FF976571A}.Release|Any CPU.Build.0 = Release|Any CPU
		{63FA2EE1-9305-4EC9-885C-954D6FA10E48}.Debug|Any CPU.ActiveCfg = Debug|Any CPU
		{63FA2EE1-9305-4EC9-885C-954D6FA10E48}.Debug|Any CPU.Build.0 = Debug|Any CPU
		{63FA2EE1-9305-4EC9-885C-954D6FA10E48}.Release|Any CPU.ActiveCfg = Release|Any CPU
		{63FA2EE1-9305-4EC9-885C-954D6FA10E48}.Release|Any CPU.Build.0 = Release|Any CPU
		{258B370F-F641-4EBF-A8DE-820C78F9BC4D}.Debug|Any CPU.ActiveCfg = Debug|Any CPU
		{258B370F-F641-4EBF-A8DE-820C78F9BC4D}.Debug|Any CPU.Build.0 = Debug|Any CPU
		{258B370F-F641-4EBF-A8DE-820C78F9BC4D}.Release|Any CPU.ActiveCfg = Release|Any CPU
		{258B370F-F641-4EBF-A8DE-820C78F9BC4D}.Release|Any CPU.Build.0 = Release|Any CPU
	EndGlobalSection
	GlobalSection(SolutionProperties) = preSolution
		HideSolutionNode = FALSE
	EndGlobalSection
	GlobalSection(NestedProjects) = preSolution
		{45159C3F-A534-4DCC-931F-CFE4C7DCF786} = {75486484-C0D2-4E7E-8C92-F7F47708E68A}
		{4EEA24AA-E4EC-4221-9501-2342D77B72E2} = {75486484-C0D2-4E7E-8C92-F7F47708E68A}
		{626329ED-D32E-4218-838F-55290A612E29} = {65797C5C-16E4-423C-867A-CE13CD49CFCB}
		{A1868F15-F524-4A14-8F44-BFBD56AFCAF1} = {65797C5C-16E4-423C-867A-CE13CD49CFCB}
		{4411C2BA-FDB3-4A85-8F00-7E704C086884} = {65797C5C-16E4-423C-867A-CE13CD49CFCB}
		{E59CA111-7DF1-4B09-AC8A-236497E8F9A7} = {65797C5C-16E4-423C-867A-CE13CD49CFCB}
		{E36400F8-66B2-40BF-AC53-4A6B50A3228E} = {65797C5C-16E4-423C-867A-CE13CD49CFCB}
		{66CF4309-C7BE-405F-A4A1-19D27C2C2C4D} = {2187E2EC-3EA9-405B-8551-779EA8D51966}
		{8A64529C-080C-45A1-82F0-863754820473} = {2187E2EC-3EA9-405B-8551-779EA8D51966}
		{B18A284B-0931-4DFB-AF0B-E3FB9D5683BB} = {2187E2EC-3EA9-405B-8551-779EA8D51966}
		{2B5B30E2-73B9-440A-ABBD-96585214EFA1} = {75486484-C0D2-4E7E-8C92-F7F47708E68A}
		{456E0B0F-6823-4E27-91A3-8D6A33C9D930} = {5DD59326-57D9-4ED8-8AC0-CF54FB1E5950}
		{4C6CFCCF-7E09-4C1F-920D-C818FA4558AA} = {75486484-C0D2-4E7E-8C92-F7F47708E68A}
		{FF936B8B-A7B4-4960-9B70-0547449AD343} = {65797C5C-16E4-423C-867A-CE13CD49CFCB}
		{735B8625-0916-4CBF-9411-666933E88C3E} = {75486484-C0D2-4E7E-8C92-F7F47708E68A}
		{B75D28D1-304C-49A3-84C9-BE4AC020D429} = {5DD59326-57D9-4ED8-8AC0-CF54FB1E5950}
		{DA7DC5F3-D1D8-4AAE-9304-A34F21131635} = {5DD59326-57D9-4ED8-8AC0-CF54FB1E5950}
		{1A0AA8D5-8E84-4345-8145-A8B97E489185} = {2187E2EC-3EA9-405B-8551-779EA8D51966}
		{1C8DD787-194A-4C67-A0FF-E9B6DC654FBB} = {2187E2EC-3EA9-405B-8551-779EA8D51966}
		{3E43D963-C929-4907-94C4-26041EC03BC0} = {9E05D236-DAD2-4C43-B686-C51D0F5822A6}
		{7C953012-587F-4185-BA19-7A6E349257A5} = {9E05D236-DAD2-4C43-B686-C51D0F5822A6}
		{3E64E323-208B-4175-9D53-483D0C082A34} = {9E05D236-DAD2-4C43-B686-C51D0F5822A6}
		{7DCF3F32-2DC7-4B6B-8470-2C7C1A4E3F85} = {9E05D236-DAD2-4C43-B686-C51D0F5822A6}
		{26E62A08-487C-4344-A5BD-CB3D85EFCD25} = {9E05D236-DAD2-4C43-B686-C51D0F5822A6}
		{693936CA-3811-4615-B81D-C2A0C1C56F52} = {6717E057-E92D-4B1B-9963-EE1CE73B959E}
		{40E6105F-6061-4DA4-B1ED-562D3E221110} = {75486484-C0D2-4E7E-8C92-F7F47708E68A}
		{8C8CE208-9B88-4F4C-B414-BA1139CA15D2} = {6717E057-E92D-4B1B-9963-EE1CE73B959E}
		{8E7B832B-8891-4FDC-8D22-E3AE37DC75B5} = {75486484-C0D2-4E7E-8C92-F7F47708E68A}
		{B7C97751-E802-4C67-9F7F-348A80AE9374} = {6717E057-E92D-4B1B-9963-EE1CE73B959E}
		{87FC107F-82AF-42D7-A5A2-0FD431E508A5} = {6717E057-E92D-4B1B-9963-EE1CE73B959E}
		{B0890937-8F77-4470-AD6F-763A0287DC5C} = {6717E057-E92D-4B1B-9963-EE1CE73B959E}
		{E5B4C9EE-D144-4062-B7D4-C1CDD0CBCA2B} = {6717E057-E92D-4B1B-9963-EE1CE73B959E}
		{33CB6C5D-5BC8-45CF-9CA7-030270D78D67} = {09F0E595-0067-44BA-9EF9-FFA180536AA6}
		{EDA9D7EB-2B23-4D1A-A495-39ED9A2A28CB} = {09F0E595-0067-44BA-9EF9-FFA180536AA6}
		{35EE85F0-B65C-4EDD-857F-272CDDDD620C} = {09F0E595-0067-44BA-9EF9-FFA180536AA6}
		{65CA67D3-1C92-49FE-B532-3F1C83581734} = {09F0E595-0067-44BA-9EF9-FFA180536AA6}
		{A3A64B94-7DAC-4EFF-BFB7-695B1869E93F} = {4F6BAEBA-673A-4370-83D7-EAEA240FDADC}
		{BB6A5FC7-0B3C-42F1-96C1-A79EDB7DAAC6} = {4F6BAEBA-673A-4370-83D7-EAEA240FDADC}
		{3B13F6F3-716B-40DD-A0E3-9CAAB4114335} = {4F6BAEBA-673A-4370-83D7-EAEA240FDADC}
		{723E4969-FCB0-452A-81FA-1A8E9201EB08} = {4F6BAEBA-673A-4370-83D7-EAEA240FDADC}
		{D592DDF2-D874-4B9F-B50D-703A6A72FC6B} = {4F6BAEBA-673A-4370-83D7-EAEA240FDADC}
		{F0BF67E9-755C-452B-BBC2-BFC1F40E02DC} = {4F6BAEBA-673A-4370-83D7-EAEA240FDADC}
		{1226A903-D400-428F-9822-32029485E509} = {9863C6EC-2C1E-47A2-8CE0-8AD178B06A38}
		{1BD366E2-A30C-428F-A80F-74D40F8D1CA9} = {9E05D236-DAD2-4C43-B686-C51D0F5822A6}
		{F75FEC7C-4055-47DD-A973-B17BFF172623} = {75486484-C0D2-4E7E-8C92-F7F47708E68A}
		{74007D1A-C365-4E7B-99CE-9DDB506A3BDF} = {9863C6EC-2C1E-47A2-8CE0-8AD178B06A38}
		{57A2D36D-EC33-4ED7-9E0F-A9167987ED80} = {75486484-C0D2-4E7E-8C92-F7F47708E68A}
		{AE79CD5E-B930-4D09-9D7A-037320F567AF} = {75486484-C0D2-4E7E-8C92-F7F47708E68A}
		{AEF86C71-04F7-4D79-A329-11B193DCAEFB} = {75486484-C0D2-4E7E-8C92-F7F47708E68A}
		{A99E3C0B-2569-4A7C-9486-348FF976571A} = {75486484-C0D2-4E7E-8C92-F7F47708E68A}
		{63FA2EE1-9305-4EC9-885C-954D6FA10E48} = {09F0E595-0067-44BA-9EF9-FFA180536AA6}
		{258B370F-F641-4EBF-A8DE-820C78F9BC4D} = {09F0E595-0067-44BA-9EF9-FFA180536AA6}
	EndGlobalSection
	GlobalSection(ExtensibilityGlobals) = postSolution
		SolutionGuid = {43989365-0FEA-4214-AC28-681575C10473}
	EndGlobalSection
EndGlobal
